// !$*UTF8*$!
{
	archiveVersion = 1;
	classes = {
	};
	objectVersion = 50;
	objects = {

/* Begin PBXBuildFile section */
		F9258D8E259F1A0E0093117F /* DemoSwiftUIApp.swift in Sources */ = {isa = PBXBuildFile; fileRef = F9258D8D259F1A0E0093117F /* DemoSwiftUIApp.swift */; };
		F9258D90259F1A0E0093117F /* ContentView.swift in Sources */ = {isa = PBXBuildFile; fileRef = F9258D8F259F1A0E0093117F /* ContentView.swift */; };
		F9258D92259F1A100093117F /* Assets.xcassets in Resources */ = {isa = PBXBuildFile; fileRef = F9258D91259F1A100093117F /* Assets.xcassets */; };
		F9258D95259F1A100093117F /* Preview Assets.xcassets in Resources */ = {isa = PBXBuildFile; fileRef = F9258D94259F1A100093117F /* Preview Assets.xcassets */; };
		F9258DA0259F1A100093117F /* DemoSwiftUITests.swift in Sources */ = {isa = PBXBuildFile; fileRef = F9258D9F259F1A100093117F /* DemoSwiftUITests.swift */; };
		F9258DAB259F1A100093117F /* DemoSwiftUIUITests.swift in Sources */ = {isa = PBXBuildFile; fileRef = F9258DAA259F1A100093117F /* DemoSwiftUIUITests.swift */; };
		F9258DBC259F1A630093117F /* DetailView.swift in Sources */ = {isa = PBXBuildFile; fileRef = F9258DBB259F1A630093117F /* DetailView.swift */; };
		F9258DC3259F1AB00093117F /* Header.swift in Sources */ = {isa = PBXBuildFile; fileRef = F9258DC2259F1AB00093117F /* Header.swift */; };
		F9258DCB259F1ACF0093117F /* TagButton.swift in Sources */ = {isa = PBXBuildFile; fileRef = F9258DCA259F1ACF0093117F /* TagButton.swift */; };
		F9258DD0259F1AF40093117F /* TagList.swift in Sources */ = {isa = PBXBuildFile; fileRef = F9258DCF259F1AF40093117F /* TagList.swift */; };
		F9258DD5259F1B300093117F /* SectionView.swift in Sources */ = {isa = PBXBuildFile; fileRef = F9258DD4259F1B300093117F /* SectionView.swift */; };
/* End PBXBuildFile section */

/* Begin PBXContainerItemProxy section */
		F9258D9C259F1A100093117F /* PBXContainerItemProxy */ = {
			isa = PBXContainerItemProxy;
			containerPortal = F9258D82259F1A0E0093117F /* Project object */;
			proxyType = 1;
			remoteGlobalIDString = F9258D89259F1A0E0093117F;
			remoteInfo = DemoSwiftUI;
		};
		F9258DA7259F1A100093117F /* PBXContainerItemProxy */ = {
			isa = PBXContainerItemProxy;
			containerPortal = F9258D82259F1A0E0093117F /* Project object */;
			proxyType = 1;
			remoteGlobalIDString = F9258D89259F1A0E0093117F;
			remoteInfo = DemoSwiftUI;
		};
/* End PBXContainerItemProxy section */

/* Begin PBXFileReference section */
		F9258D8A259F1A0E0093117F /* DemoSwiftUI.app */ = {isa = PBXFileReference; explicitFileType = wrapper.application; includeInIndex = 0; path = DemoSwiftUI.app; sourceTree = BUILT_PRODUCTS_DIR; };
		F9258D8D259F1A0E0093117F /* DemoSwiftUIApp.swift */ = {isa = PBXFileReference; lastKnownFileType = sourcecode.swift; path = DemoSwiftUIApp.swift; sourceTree = "<group>"; };
		F9258D8F259F1A0E0093117F /* ContentView.swift */ = {isa = PBXFileReference; lastKnownFileType = sourcecode.swift; path = ContentView.swift; sourceTree = "<group>"; };
		F9258D91259F1A100093117F /* Assets.xcassets */ = {isa = PBXFileReference; lastKnownFileType = folder.assetcatalog; path = Assets.xcassets; sourceTree = "<group>"; };
		F9258D94259F1A100093117F /* Preview Assets.xcassets */ = {isa = PBXFileReference; lastKnownFileType = folder.assetcatalog; path = "Preview Assets.xcassets"; sourceTree = "<group>"; };
		F9258D96259F1A100093117F /* Info.plist */ = {isa = PBXFileReference; lastKnownFileType = text.plist.xml; path = Info.plist; sourceTree = "<group>"; };
		F9258D9B259F1A100093117F /* DemoSwiftUITests.xctest */ = {isa = PBXFileReference; explicitFileType = wrapper.cfbundle; includeInIndex = 0; path = DemoSwiftUITests.xctest; sourceTree = BUILT_PRODUCTS_DIR; };
		F9258D9F259F1A100093117F /* DemoSwiftUITests.swift */ = {isa = PBXFileReference; lastKnownFileType = sourcecode.swift; path = DemoSwiftUITests.swift; sourceTree = "<group>"; };
		F9258DA1259F1A100093117F /* Info.plist */ = {isa = PBXFileReference; lastKnownFileType = text.plist.xml; path = Info.plist; sourceTree = "<group>"; };
		F9258DA6259F1A100093117F /* DemoSwiftUIUITests.xctest */ = {isa = PBXFileReference; explicitFileType = wrapper.cfbundle; includeInIndex = 0; path = DemoSwiftUIUITests.xctest; sourceTree = BUILT_PRODUCTS_DIR; };
		F9258DAA259F1A100093117F /* DemoSwiftUIUITests.swift */ = {isa = PBXFileReference; lastKnownFileType = sourcecode.swift; path = DemoSwiftUIUITests.swift; sourceTree = "<group>"; };
		F9258DAC259F1A100093117F /* Info.plist */ = {isa = PBXFileReference; lastKnownFileType = text.plist.xml; path = Info.plist; sourceTree = "<group>"; };
		F9258DBB259F1A630093117F /* DetailView.swift */ = {isa = PBXFileReference; lastKnownFileType = sourcecode.swift; path = DetailView.swift; sourceTree = "<group>"; };
		F9258DC2259F1AB00093117F /* Header.swift */ = {isa = PBXFileReference; lastKnownFileType = sourcecode.swift; path = Header.swift; sourceTree = "<group>"; };
		F9258DCA259F1ACF0093117F /* TagButton.swift */ = {isa = PBXFileReference; lastKnownFileType = sourcecode.swift; path = TagButton.swift; sourceTree = "<group>"; };
		F9258DCF259F1AF40093117F /* TagList.swift */ = {isa = PBXFileReference; lastKnownFileType = sourcecode.swift; path = TagList.swift; sourceTree = "<group>"; };
		F9258DD4259F1B300093117F /* SectionView.swift */ = {isa = PBXFileReference; lastKnownFileType = sourcecode.swift; path = SectionView.swift; sourceTree = "<group>"; };
/* End PBXFileReference section */

/* Begin PBXFrameworksBuildPhase section */
		F9258D87259F1A0E0093117F /* Frameworks */ = {
			isa = PBXFrameworksBuildPhase;
			buildActionMask = 2147483647;
			files = (
			);
			runOnlyForDeploymentPostprocessing = 0;
		};
		F9258D98259F1A100093117F /* Frameworks */ = {
			isa = PBXFrameworksBuildPhase;
			buildActionMask = 2147483647;
			files = (
			);
			runOnlyForDeploymentPostprocessing = 0;
		};
		F9258DA3259F1A100093117F /* Frameworks */ = {
			isa = PBXFrameworksBuildPhase;
			buildActionMask = 2147483647;
			files = (
			);
			runOnlyForDeploymentPostprocessing = 0;
		};
/* End PBXFrameworksBuildPhase section */

/* Begin PBXGroup section */
		F9258D81259F1A0E0093117F = {
			isa = PBXGroup;
			children = (
				F9258D8C259F1A0E0093117F /* DemoSwiftUI */,
				F9258D9E259F1A100093117F /* DemoSwiftUITests */,
				F9258DA9259F1A100093117F /* DemoSwiftUIUITests */,
				F9258D8B259F1A0E0093117F /* Products */,
			);
			sourceTree = "<group>";
		};
		F9258D8B259F1A0E0093117F /* Products */ = {
			isa = PBXGroup;
			children = (
				F9258D8A259F1A0E0093117F /* DemoSwiftUI.app */,
				F9258D9B259F1A100093117F /* DemoSwiftUITests.xctest */,
				F9258DA6259F1A100093117F /* DemoSwiftUIUITests.xctest */,
			);
			name = Products;
			sourceTree = "<group>";
		};
		F9258D8C259F1A0E0093117F /* DemoSwiftUI */ = {
			isa = PBXGroup;
			children = (
				F9258DC1259F1A9C0093117F /* Models */,
				F9258DC0259F1A9C0093117F /* Views */,
				F9258D8D259F1A0E0093117F /* DemoSwiftUIApp.swift */,
				F9258D8F259F1A0E0093117F /* ContentView.swift */,
				F9258DBB259F1A630093117F /* DetailView.swift */,
				F9258D91259F1A100093117F /* Assets.xcassets */,
				F9258D96259F1A100093117F /* Info.plist */,
				F9258D93259F1A100093117F /* Preview Content */,
			);
			path = DemoSwiftUI;
			sourceTree = "<group>";
		};
		F9258D93259F1A100093117F /* Preview Content */ = {
			isa = PBXGroup;
			children = (
				F9258D94259F1A100093117F /* Preview Assets.xcassets */,
			);
			path = "Preview Content";
			sourceTree = "<group>";
		};
		F9258D9E259F1A100093117F /* DemoSwiftUITests */ = {
			isa = PBXGroup;
			children = (
				F9258D9F259F1A100093117F /* DemoSwiftUITests.swift */,
				F9258DA1259F1A100093117F /* Info.plist */,
			);
			path = DemoSwiftUITests;
			sourceTree = "<group>";
		};
		F9258DA9259F1A100093117F /* DemoSwiftUIUITests */ = {
			isa = PBXGroup;
			children = (
				F9258DAA259F1A100093117F /* DemoSwiftUIUITests.swift */,
				F9258DAC259F1A100093117F /* Info.plist */,
			);
			path = DemoSwiftUIUITests;
			sourceTree = "<group>";
		};
		F9258DC0259F1A9C0093117F /* Views */ = {
			isa = PBXGroup;
			children = (
				F9258DCA259F1ACF0093117F /* TagButton.swift */,
				F9258DCF259F1AF40093117F /* TagList.swift */,
				F9258DD4259F1B300093117F /* SectionView.swift */,
			);
			path = Views;
			sourceTree = "<group>";
		};
		F9258DC1259F1A9C0093117F /* Models */ = {
			isa = PBXGroup;
			children = (
				F9258DC2259F1AB00093117F /* Header.swift */,
			);
			path = Models;
			sourceTree = "<group>";
		};
/* End PBXGroup section */

/* Begin PBXNativeTarget section */
		F9258D89259F1A0E0093117F /* DemoSwiftUI */ = {
			isa = PBXNativeTarget;
			buildConfigurationList = F9258DAF259F1A100093117F /* Build configuration list for PBXNativeTarget "DemoSwiftUI" */;
			buildPhases = (
				F9258D86259F1A0E0093117F /* Sources */,
				F9258D87259F1A0E0093117F /* Frameworks */,
				F9258D88259F1A0E0093117F /* Resources */,
			);
			buildRules = (
			);
			dependencies = (
			);
			name = DemoSwiftUI;
			productName = DemoSwiftUI;
			productReference = F9258D8A259F1A0E0093117F /* DemoSwiftUI.app */;
			productType = "com.apple.product-type.application";
		};
		F9258D9A259F1A100093117F /* DemoSwiftUITests */ = {
			isa = PBXNativeTarget;
			buildConfigurationList = F9258DB2259F1A100093117F /* Build configuration list for PBXNativeTarget "DemoSwiftUITests" */;
			buildPhases = (
				F9258D97259F1A100093117F /* Sources */,
				F9258D98259F1A100093117F /* Frameworks */,
				F9258D99259F1A100093117F /* Resources */,
			);
			buildRules = (
			);
			dependencies = (
				F9258D9D259F1A100093117F /* PBXTargetDependency */,
			);
			name = DemoSwiftUITests;
			productName = DemoSwiftUITests;
			productReference = F9258D9B259F1A100093117F /* DemoSwiftUITests.xctest */;
			productType = "com.apple.product-type.bundle.unit-test";
		};
		F9258DA5259F1A100093117F /* DemoSwiftUIUITests */ = {
			isa = PBXNativeTarget;
			buildConfigurationList = F9258DB5259F1A100093117F /* Build configuration list for PBXNativeTarget "DemoSwiftUIUITests" */;
			buildPhases = (
				F9258DA2259F1A100093117F /* Sources */,
				F9258DA3259F1A100093117F /* Frameworks */,
				F9258DA4259F1A100093117F /* Resources */,
			);
			buildRules = (
			);
			dependencies = (
				F9258DA8259F1A100093117F /* PBXTargetDependency */,
			);
			name = DemoSwiftUIUITests;
			productName = DemoSwiftUIUITests;
			productReference = F9258DA6259F1A100093117F /* DemoSwiftUIUITests.xctest */;
			productType = "com.apple.product-type.bundle.ui-testing";
		};
/* End PBXNativeTarget section */

/* Begin PBXProject section */
		F9258D82259F1A0E0093117F /* Project object */ = {
			isa = PBXProject;
			attributes = {
				LastSwiftUpdateCheck = 1200;
				LastUpgradeCheck = 1200;
				TargetAttributes = {
					F9258D89259F1A0E0093117F = {
						CreatedOnToolsVersion = 12.0;
					};
					F9258D9A259F1A100093117F = {
						CreatedOnToolsVersion = 12.0;
						TestTargetID = F9258D89259F1A0E0093117F;
					};
					F9258DA5259F1A100093117F = {
						CreatedOnToolsVersion = 12.0;
						TestTargetID = F9258D89259F1A0E0093117F;
					};
				};
			};
			buildConfigurationList = F9258D85259F1A0E0093117F /* Build configuration list for PBXProject "DemoSwiftUI" */;
			compatibilityVersion = "Xcode 9.3";
			developmentRegion = en;
			hasScannedForEncodings = 0;
			knownRegions = (
				en,
				Base,
			);
			mainGroup = F9258D81259F1A0E0093117F;
			productRefGroup = F9258D8B259F1A0E0093117F /* Products */;
			projectDirPath = "";
			projectRoot = "";
			targets = (
				F9258D89259F1A0E0093117F /* DemoSwiftUI */,
				F9258D9A259F1A100093117F /* DemoSwiftUITests */,
				F9258DA5259F1A100093117F /* DemoSwiftUIUITests */,
			);
		};
/* End PBXProject section */

/* Begin PBXResourcesBuildPhase section */
		F9258D88259F1A0E0093117F /* Resources */ = {
			isa = PBXResourcesBuildPhase;
			buildActionMask = 2147483647;
			files = (
				F9258D95259F1A100093117F /* Preview Assets.xcassets in Resources */,
				F9258D92259F1A100093117F /* Assets.xcassets in Resources */,
			);
			runOnlyForDeploymentPostprocessing = 0;
		};
		F9258D99259F1A100093117F /* Resources */ = {
			isa = PBXResourcesBuildPhase;
			buildActionMask = 2147483647;
			files = (
			);
			runOnlyForDeploymentPostprocessing = 0;
		};
		F9258DA4259F1A100093117F /* Resources */ = {
			isa = PBXResourcesBuildPhase;
			buildActionMask = 2147483647;
			files = (
			);
			runOnlyForDeploymentPostprocessing = 0;
		};
/* End PBXResourcesBuildPhase section */

/* Begin PBXSourcesBuildPhase section */
		F9258D86259F1A0E0093117F /* Sources */ = {
			isa = PBXSourcesBuildPhase;
			buildActionMask = 2147483647;
			files = (
				F9258DD0259F1AF40093117F /* TagList.swift in Sources */,
				F9258DC3259F1AB00093117F /* Header.swift in Sources */,
				F9258D90259F1A0E0093117F /* ContentView.swift in Sources */,
				F9258DD5259F1B300093117F /* SectionView.swift in Sources */,
				F9258DCB259F1ACF0093117F /* TagButton.swift in Sources */,
				F9258DBC259F1A630093117F /* DetailView.swift in Sources */,
				F9258D8E259F1A0E0093117F /* DemoSwiftUIApp.swift in Sources */,
			);
			runOnlyForDeploymentPostprocessing = 0;
		};
		F9258D97259F1A100093117F /* Sources */ = {
			isa = PBXSourcesBuildPhase;
			buildActionMask = 2147483647;
			files = (
				F9258DA0259F1A100093117F /* DemoSwiftUITests.swift in Sources */,
			);
			runOnlyForDeploymentPostprocessing = 0;
		};
		F9258DA2259F1A100093117F /* Sources */ = {
			isa = PBXSourcesBuildPhase;
			buildActionMask = 2147483647;
			files = (
				F9258DAB259F1A100093117F /* DemoSwiftUIUITests.swift in Sources */,
			);
			runOnlyForDeploymentPostprocessing = 0;
		};
/* End PBXSourcesBuildPhase section */

/* Begin PBXTargetDependency section */
		F9258D9D259F1A100093117F /* PBXTargetDependency */ = {
			isa = PBXTargetDependency;
			target = F9258D89259F1A0E0093117F /* DemoSwiftUI */;
			targetProxy = F9258D9C259F1A100093117F /* PBXContainerItemProxy */;
		};
		F9258DA8259F1A100093117F /* PBXTargetDependency */ = {
			isa = PBXTargetDependency;
			target = F9258D89259F1A0E0093117F /* DemoSwiftUI */;
			targetProxy = F9258DA7259F1A100093117F /* PBXContainerItemProxy */;
		};
/* End PBXTargetDependency section */

/* Begin XCBuildConfiguration section */
		F9258DAD259F1A100093117F /* Debug */ = {
			isa = XCBuildConfiguration;
			buildSettings = {
				ALWAYS_SEARCH_USER_PATHS = NO;
				CLANG_ANALYZER_NONNULL = YES;
				CLANG_ANALYZER_NUMBER_OBJECT_CONVERSION = YES_AGGRESSIVE;
				CLANG_CXX_LANGUAGE_STANDARD = "gnu++14";
				CLANG_CXX_LIBRARY = "libc++";
				CLANG_ENABLE_MODULES = YES;
				CLANG_ENABLE_OBJC_ARC = YES;
				CLANG_ENABLE_OBJC_WEAK = YES;
				CLANG_WARN_BLOCK_CAPTURE_AUTORELEASING = YES;
				CLANG_WARN_BOOL_CONVERSION = YES;
				CLANG_WARN_COMMA = YES;
				CLANG_WARN_CONSTANT_CONVERSION = YES;
				CLANG_WARN_DEPRECATED_OBJC_IMPLEMENTATIONS = YES;
				CLANG_WARN_DIRECT_OBJC_ISA_USAGE = YES_ERROR;
				CLANG_WARN_DOCUMENTATION_COMMENTS = YES;
				CLANG_WARN_EMPTY_BODY = YES;
				CLANG_WARN_ENUM_CONVERSION = YES;
				CLANG_WARN_INFINITE_RECURSION = YES;
				CLANG_WARN_INT_CONVERSION = YES;
				CLANG_WARN_NON_LITERAL_NULL_CONVERSION = YES;
				CLANG_WARN_OBJC_IMPLICIT_RETAIN_SELF = YES;
				CLANG_WARN_OBJC_LITERAL_CONVERSION = YES;
				CLANG_WARN_OBJC_ROOT_CLASS = YES_ERROR;
				CLANG_WARN_QUOTED_INCLUDE_IN_FRAMEWORK_HEADER = YES;
				CLANG_WARN_RANGE_LOOP_ANALYSIS = YES;
				CLANG_WARN_STRICT_PROTOTYPES = YES;
				CLANG_WARN_SUSPICIOUS_MOVE = YES;
				CLANG_WARN_UNGUARDED_AVAILABILITY = YES_AGGRESSIVE;
				CLANG_WARN_UNREACHABLE_CODE = YES;
				CLANG_WARN__DUPLICATE_METHOD_MATCH = YES;
				COPY_PHASE_STRIP = NO;
				DEBUG_INFORMATION_FORMAT = dwarf;
				ENABLE_STRICT_OBJC_MSGSEND = YES;
				ENABLE_TESTABILITY = YES;
				GCC_C_LANGUAGE_STANDARD = gnu11;
				GCC_DYNAMIC_NO_PIC = NO;
				GCC_NO_COMMON_BLOCKS = YES;
				GCC_OPTIMIZATION_LEVEL = 0;
				GCC_PREPROCESSOR_DEFINITIONS = (
					"DEBUG=1",
					"$(inherited)",
				);
				GCC_WARN_64_TO_32_BIT_CONVERSION = YES;
				GCC_WARN_ABOUT_RETURN_TYPE = YES_ERROR;
				GCC_WARN_UNDECLARED_SELECTOR = YES;
				GCC_WARN_UNINITIALIZED_AUTOS = YES_AGGRESSIVE;
				GCC_WARN_UNUSED_FUNCTION = YES;
				GCC_WARN_UNUSED_VARIABLE = YES;
				IPHONEOS_DEPLOYMENT_TARGET = 14.0;
				MTL_ENABLE_DEBUG_INFO = INCLUDE_SOURCE;
				MTL_FAST_MATH = YES;
				ONLY_ACTIVE_ARCH = YES;
				SDKROOT = iphoneos;
				SWIFT_ACTIVE_COMPILATION_CONDITIONS = DEBUG;
				SWIFT_OPTIMIZATION_LEVEL = "-Onone";
			};
			name = Debug;
		};
		F9258DAE259F1A100093117F /* Release */ = {
			isa = XCBuildConfiguration;
			buildSettings = {
				ALWAYS_SEARCH_USER_PATHS = NO;
				CLANG_ANALYZER_NONNULL = YES;
				CLANG_ANALYZER_NUMBER_OBJECT_CONVERSION = YES_AGGRESSIVE;
				CLANG_CXX_LANGUAGE_STANDARD = "gnu++14";
				CLANG_CXX_LIBRARY = "libc++";
				CLANG_ENABLE_MODULES = YES;
				CLANG_ENABLE_OBJC_ARC = YES;
				CLANG_ENABLE_OBJC_WEAK = YES;
				CLANG_WARN_BLOCK_CAPTURE_AUTORELEASING = YES;
				CLANG_WARN_BOOL_CONVERSION = YES;
				CLANG_WARN_COMMA = YES;
				CLANG_WARN_CONSTANT_CONVERSION = YES;
				CLANG_WARN_DEPRECATED_OBJC_IMPLEMENTATIONS = YES;
				CLANG_WARN_DIRECT_OBJC_ISA_USAGE = YES_ERROR;
				CLANG_WARN_DOCUMENTATION_COMMENTS = YES;
				CLANG_WARN_EMPTY_BODY = YES;
				CLANG_WARN_ENUM_CONVERSION = YES;
				CLANG_WARN_INFINITE_RECURSION = YES;
				CLANG_WARN_INT_CONVERSION = YES;
				CLANG_WARN_NON_LITERAL_NULL_CONVERSION = YES;
				CLANG_WARN_OBJC_IMPLICIT_RETAIN_SELF = YES;
				CLANG_WARN_OBJC_LITERAL_CONVERSION = YES;
				CLANG_WARN_OBJC_ROOT_CLASS = YES_ERROR;
				CLANG_WARN_QUOTED_INCLUDE_IN_FRAMEWORK_HEADER = YES;
				CLANG_WARN_RANGE_LOOP_ANALYSIS = YES;
				CLANG_WARN_STRICT_PROTOTYPES = YES;
				CLANG_WARN_SUSPICIOUS_MOVE = YES;
				CLANG_WARN_UNGUARDED_AVAILABILITY = YES_AGGRESSIVE;
				CLANG_WARN_UNREACHABLE_CODE = YES;
				CLANG_WARN__DUPLICATE_METHOD_MATCH = YES;
				COPY_PHASE_STRIP = NO;
				DEBUG_INFORMATION_FORMAT = "dwarf-with-dsym";
				ENABLE_NS_ASSERTIONS = NO;
				ENABLE_STRICT_OBJC_MSGSEND = YES;
				GCC_C_LANGUAGE_STANDARD = gnu11;
				GCC_NO_COMMON_BLOCKS = YES;
				GCC_WARN_64_TO_32_BIT_CONVERSION = YES;
				GCC_WARN_ABOUT_RETURN_TYPE = YES_ERROR;
				GCC_WARN_UNDECLARED_SELECTOR = YES;
				GCC_WARN_UNINITIALIZED_AUTOS = YES_AGGRESSIVE;
				GCC_WARN_UNUSED_FUNCTION = YES;
				GCC_WARN_UNUSED_VARIABLE = YES;
				IPHONEOS_DEPLOYMENT_TARGET = 14.0;
				MTL_ENABLE_DEBUG_INFO = NO;
				MTL_FAST_MATH = YES;
				SDKROOT = iphoneos;
				SWIFT_COMPILATION_MODE = wholemodule;
				SWIFT_OPTIMIZATION_LEVEL = "-O";
				VALIDATE_PRODUCT = YES;
			};
			name = Release;
		};
		F9258DB0259F1A100093117F /* Debug */ = {
			isa = XCBuildConfiguration;
			buildSettings = {
				ASSETCATALOG_COMPILER_APPICON_NAME = AppIcon;
				ASSETCATALOG_COMPILER_GLOBAL_ACCENT_COLOR_NAME = AccentColor;
				CODE_SIGN_STYLE = Automatic;
				DEVELOPMENT_ASSET_PATHS = "\"DemoSwiftUI/Preview Content\"";
				ENABLE_PREVIEWS = YES;
				INFOPLIST_FILE = DemoSwiftUI/Info.plist;
				IPHONEOS_DEPLOYMENT_TARGET = 14.0;
				LD_RUNPATH_SEARCH_PATHS = (
					"$(inherited)",
					"@executable_path/Frameworks",
				);
				PRODUCT_BUNDLE_IDENTIFIER = com.app.DemoSwiftUI;
				PRODUCT_NAME = "$(TARGET_NAME)";
				SWIFT_VERSION = 5.0;
				TARGETED_DEVICE_FAMILY = "1,2";
			};
			name = Debug;
		};
		F9258DB1259F1A100093117F /* Release */ = {
			isa = XCBuildConfiguration;
			buildSettings = {
				ASSETCATALOG_COMPILER_APPICON_NAME = AppIcon;
				ASSETCATALOG_COMPILER_GLOBAL_ACCENT_COLOR_NAME = AccentColor;
				CODE_SIGN_STYLE = Automatic;
				DEVELOPMENT_ASSET_PATHS = "\"DemoSwiftUI/Preview Content\"";
				ENABLE_PREVIEWS = YES;
				INFOPLIST_FILE = DemoSwiftUI/Info.plist;
				IPHONEOS_DEPLOYMENT_TARGET = 14.0;
				LD_RUNPATH_SEARCH_PATHS = (
					"$(inherited)",
					"@executable_path/Frameworks",
				);
				PRODUCT_BUNDLE_IDENTIFIER = com.app.DemoSwiftUI;
				PRODUCT_NAME = "$(TARGET_NAME)";
				SWIFT_VERSION = 5.0;
				TARGETED_DEVICE_FAMILY = "1,2";
			};
			name = Release;
		};
		F9258DB3259F1A100093117F /* Debug */ = {
			isa = XCBuildConfiguration;
			buildSettings = {
				ALWAYS_EMBED_SWIFT_STANDARD_LIBRARIES = YES;
				BUNDLE_LOADER = "$(TEST_HOST)";
				CODE_SIGN_STYLE = Automatic;
				INFOPLIST_FILE = DemoSwiftUITests/Info.plist;
				IPHONEOS_DEPLOYMENT_TARGET = 14.0;
				LD_RUNPATH_SEARCH_PATHS = (
					"$(inherited)",
					"@executable_path/Frameworks",
					"@loader_path/Frameworks",
				);
				PRODUCT_BUNDLE_IDENTIFIER = com.app.DemoSwiftUITests;
				PRODUCT_NAME = "$(TARGET_NAME)";
				SWIFT_VERSION = 5.0;
				TARGETED_DEVICE_FAMILY = "1,2";
				TEST_HOST = "$(BUILT_PRODUCTS_DIR)/DemoSwiftUI.app/DemoSwiftUI";
			};
			name = Debug;
		};
		F9258DB4259F1A100093117F /* Release */ = {
			isa = XCBuildConfiguration;
			buildSettings = {
				ALWAYS_EMBED_SWIFT_STANDARD_LIBRARIES = YES;
				BUNDLE_LOADER = "$(TEST_HOST)";
				CODE_SIGN_STYLE = Automatic;
				INFOPLIST_FILE = DemoSwiftUITests/Info.plist;
				IPHONEOS_DEPLOYMENT_TARGET = 14.0;
				LD_RUNPATH_SEARCH_PATHS = (
					"$(inherited)",
					"@executable_path/Frameworks",
					"@loader_path/Frameworks",
				);
				PRODUCT_BUNDLE_IDENTIFIER = com.app.DemoSwiftUITests;
				PRODUCT_NAME = "$(TARGET_NAME)";
				SWIFT_VERSION = 5.0;
				TARGETED_DEVICE_FAMILY = "1,2";
				TEST_HOST = "$(BUILT_PRODUCTS_DIR)/DemoSwiftUI.app/DemoSwiftUI";
			};
			name = Release;
		};
		F9258DB6259F1A100093117F /* Debug */ = {
			isa = XCBuildConfiguration;
			buildSettings = {
				ALWAYS_EMBED_SWIFT_STANDARD_LIBRARIES = YES;
				CODE_SIGN_STYLE = Automatic;
				INFOPLIST_FILE = DemoSwiftUIUITests/Info.plist;
				LD_RUNPATH_SEARCH_PATHS = (
					"$(inherited)",
					"@executable_path/Frameworks",
					"@loader_path/Frameworks",
				);
				PRODUCT_BUNDLE_IDENTIFIER = com.app.DemoSwiftUIUITests;
				PRODUCT_NAME = "$(TARGET_NAME)";
				SWIFT_VERSION = 5.0;
				TARGETED_DEVICE_FAMILY = "1,2";
				TEST_TARGET_NAME = DemoSwiftUI;
			};
			name = Debug;
		};
		F9258DB7259F1A100093117F /* Release */ = {
			isa = XCBuildConfiguration;
			buildSettings = {
				ALWAYS_EMBED_SWIFT_STANDARD_LIBRARIES = YES;
				CODE_SIGN_STYLE = Automatic;
				INFOPLIST_FILE = DemoSwiftUIUITests/Info.plist;
				LD_RUNPATH_SEARCH_PATHS = (
					"$(inherited)",
					"@executable_path/Frameworks",
					"@loader_path/Frameworks",
				);
				PRODUCT_BUNDLE_IDENTIFIER = com.app.DemoSwiftUIUITests;
				PRODUCT_NAME = "$(TARGET_NAME)";
				SWIFT_VERSION = 5.0;
				TARGETED_DEVICE_FAMILY = "1,2";
				TEST_TARGET_NAME = DemoSwiftUI;
			};
			name = Release;
		};
/* End XCBuildConfiguration section */

/* Begin XCConfigurationList section */
		F9258D85259F1A0E0093117F /* Build configuration list for PBXProject "DemoSwiftUI" */ = {
			isa = XCConfigurationList;
			buildConfigurations = (
				F9258DAD259F1A100093117F /* Debug */,
				F9258DAE259F1A100093117F /* Release */,
			);
			defaultConfigurationIsVisible = 0;
			defaultConfigurationName = Release;
		};
		F9258DAF259F1A100093117F /* Build configuration list for PBXNativeTarget "DemoSwiftUI" */ = {
			isa = XCConfigurationList;
			buildConfigurations = (
				F9258DB0259F1A100093117F /* Debug */,
				F9258DB1259F1A100093117F /* Release */,
			);
			defaultConfigurationIsVisible = 0;
			defaultConfigurationName = Release;
		};
		F9258DB2259F1A100093117F /* Build configuration list for PBXNativeTarget "DemoSwiftUITests" */ = {
			isa = XCConfigurationList;
			buildConfigurations = (
				F9258DB3259F1A100093117F /* Debug */,
				F9258DB4259F1A100093117F /* Release */,
			);
			defaultConfigurationIsVisible = 0;
			defaultConfigurationName = Release;
		};
		F9258DB5259F1A100093117F /* Build configuration list for PBXNativeTarget "DemoSwiftUIUITests" */ = {
			isa = XCConfigurationList;
			buildConfigurations = (
				F9258DB6259F1A100093117F /* Debug */,
				F9258DB7259F1A100093117F /* Release */,
			);
			defaultConfigurationIsVisible = 0;
			defaultConfigurationName = Release;
		};
/* End XCConfigurationList section */
	};
	rootObject = F9258D82259F1A0E0093117F /* Project object */;
}
